// !$*UTF8*$!
{
	archiveVersion = 1;
	classes = {
	};
	objectVersion = 56;
	objects = {

/* Begin PBXBuildFile section */
		4F55FA962951FECD00F336C4 /* oc_updaterApp.swift in Sources */ = {isa = PBXBuildFile; fileRef = 4F55FA952951FECD00F336C4 /* oc_updaterApp.swift */; };
		4F55FA982951FECD00F336C4 /* ContentView.swift in Sources */ = {isa = PBXBuildFile; fileRef = 4F55FA972951FECD00F336C4 /* ContentView.swift */; };
		4F55FA9A2951FECF00F336C4 /* Assets.xcassets in Resources */ = {isa = PBXBuildFile; fileRef = 4F55FA992951FECF00F336C4 /* Assets.xcassets */; };
		4F55FA9D2951FECF00F336C4 /* Preview Assets.xcassets in Resources */ = {isa = PBXBuildFile; fileRef = 4F55FA9C2951FECF00F336C4 /* Preview Assets.xcassets */; };
		4F55FAA82951FECF00F336C4 /* oc_updaterTests.swift in Sources */ = {isa = PBXBuildFile; fileRef = 4F55FAA72951FECF00F336C4 /* oc_updaterTests.swift */; };
		4F55FAB22951FECF00F336C4 /* oc_updaterUITests.swift in Sources */ = {isa = PBXBuildFile; fileRef = 4F55FAB12951FECF00F336C4 /* oc_updaterUITests.swift */; };
		4F55FAB42951FECF00F336C4 /* oc_updaterUITestsLaunchTests.swift in Sources */ = {isa = PBXBuildFile; fileRef = 4F55FAB32951FECF00F336C4 /* oc_updaterUITestsLaunchTests.swift */; };
		4F55FAC12952070400F336C4 /* EFISelector.swift in Sources */ = {isa = PBXBuildFile; fileRef = 4F55FAC02952070400F336C4 /* EFISelector.swift */; };
		4F55FAC32952072400F336C4 /* GetESPs.swift in Sources */ = {isa = PBXBuildFile; fileRef = 4F55FAC22952072400F336C4 /* GetESPs.swift */; };
		4FBB2092295713C800C6469E /* Home.swift in Sources */ = {isa = PBXBuildFile; fileRef = 4FBB2091295713C800C6469E /* Home.swift */; };
		4FDB503A2955FDE900F6747C /* DiskView.swift in Sources */ = {isa = PBXBuildFile; fileRef = 4FDB50392955FDE900F6747C /* DiskView.swift */; };
/* End PBXBuildFile section */

/* Begin PBXContainerItemProxy section */
		4F55FAA42951FECF00F336C4 /* PBXContainerItemProxy */ = {
			isa = PBXContainerItemProxy;
			containerPortal = 4F55FA8A2951FECD00F336C4 /* Project object */;
			proxyType = 1;
			remoteGlobalIDString = 4F55FA912951FECD00F336C4;
			remoteInfo = "oc-updater";
		};
		4F55FAAE2951FECF00F336C4 /* PBXContainerItemProxy */ = {
			isa = PBXContainerItemProxy;
			containerPortal = 4F55FA8A2951FECD00F336C4 /* Project object */;
			proxyType = 1;
			remoteGlobalIDString = 4F55FA912951FECD00F336C4;
			remoteInfo = "oc-updater";
		};
/* End PBXContainerItemProxy section */

/* Begin PBXFileReference section */
		4F55FA922951FECD00F336C4 /* OpenCore Updater.app */ = {isa = PBXFileReference; explicitFileType = wrapper.application; includeInIndex = 0; path = "OpenCore Updater.app"; sourceTree = BUILT_PRODUCTS_DIR; };
		4F55FA952951FECD00F336C4 /* oc_updaterApp.swift */ = {isa = PBXFileReference; lastKnownFileType = sourcecode.swift; path = oc_updaterApp.swift; sourceTree = "<group>"; };
		4F55FA972951FECD00F336C4 /* ContentView.swift */ = {isa = PBXFileReference; lastKnownFileType = sourcecode.swift; path = ContentView.swift; sourceTree = "<group>"; };
		4F55FA992951FECF00F336C4 /* Assets.xcassets */ = {isa = PBXFileReference; lastKnownFileType = folder.assetcatalog; path = Assets.xcassets; sourceTree = "<group>"; };
		4F55FA9C2951FECF00F336C4 /* Preview Assets.xcassets */ = {isa = PBXFileReference; lastKnownFileType = folder.assetcatalog; path = "Preview Assets.xcassets"; sourceTree = "<group>"; };
		4F55FA9E2951FECF00F336C4 /* oc_updater.entitlements */ = {isa = PBXFileReference; lastKnownFileType = text.plist.entitlements; path = oc_updater.entitlements; sourceTree = "<group>"; };
		4F55FAA32951FECF00F336C4 /* OpenCore UpdaterTests.xctest */ = {isa = PBXFileReference; explicitFileType = wrapper.cfbundle; includeInIndex = 0; path = "OpenCore UpdaterTests.xctest"; sourceTree = BUILT_PRODUCTS_DIR; };
		4F55FAA72951FECF00F336C4 /* oc_updaterTests.swift */ = {isa = PBXFileReference; lastKnownFileType = sourcecode.swift; path = oc_updaterTests.swift; sourceTree = "<group>"; };
		4F55FAAD2951FECF00F336C4 /* OpenCore UpdaterUITests.xctest */ = {isa = PBXFileReference; explicitFileType = wrapper.cfbundle; includeInIndex = 0; path = "OpenCore UpdaterUITests.xctest"; sourceTree = BUILT_PRODUCTS_DIR; };
		4F55FAB12951FECF00F336C4 /* oc_updaterUITests.swift */ = {isa = PBXFileReference; lastKnownFileType = sourcecode.swift; path = oc_updaterUITests.swift; sourceTree = "<group>"; };
		4F55FAB32951FECF00F336C4 /* oc_updaterUITestsLaunchTests.swift */ = {isa = PBXFileReference; lastKnownFileType = sourcecode.swift; path = oc_updaterUITestsLaunchTests.swift; sourceTree = "<group>"; };
		4F55FAC02952070400F336C4 /* EFISelector.swift */ = {isa = PBXFileReference; lastKnownFileType = sourcecode.swift; path = EFISelector.swift; sourceTree = "<group>"; };
		4F55FAC22952072400F336C4 /* GetESPs.swift */ = {isa = PBXFileReference; lastKnownFileType = sourcecode.swift; path = GetESPs.swift; sourceTree = "<group>"; };
		4FBB2091295713C800C6469E /* Home.swift */ = {isa = PBXFileReference; lastKnownFileType = sourcecode.swift; path = Home.swift; sourceTree = "<group>"; };
		4FDB50392955FDE900F6747C /* DiskView.swift */ = {isa = PBXFileReference; lastKnownFileType = sourcecode.swift; path = DiskView.swift; sourceTree = "<group>"; };
/* End PBXFileReference section */

/* Begin PBXFrameworksBuildPhase section */
		4F55FA8F2951FECD00F336C4 /* Frameworks */ = {
			isa = PBXFrameworksBuildPhase;
			buildActionMask = 2147483647;
			files = (
			);
			runOnlyForDeploymentPostprocessing = 0;
		};
		4F55FAA02951FECF00F336C4 /* Frameworks */ = {
			isa = PBXFrameworksBuildPhase;
			buildActionMask = 2147483647;
			files = (
			);
			runOnlyForDeploymentPostprocessing = 0;
		};
		4F55FAAA2951FECF00F336C4 /* Frameworks */ = {
			isa = PBXFrameworksBuildPhase;
			buildActionMask = 2147483647;
			files = (
			);
			runOnlyForDeploymentPostprocessing = 0;
		};
/* End PBXFrameworksBuildPhase section */

/* Begin PBXGroup section */
		4F55FA892951FECD00F336C4 = {
			isa = PBXGroup;
			children = (
				4F55FA942951FECD00F336C4 /* oc-updater */,
				4F55FAA62951FECF00F336C4 /* oc-updaterTests */,
				4F55FAB02951FECF00F336C4 /* oc-updaterUITests */,
				4F55FA932951FECD00F336C4 /* Products */,
			);
			sourceTree = "<group>";
		};
		4F55FA932951FECD00F336C4 /* Products */ = {
			isa = PBXGroup;
			children = (
				4F55FA922951FECD00F336C4 /* OpenCore Updater.app */,
				4F55FAA32951FECF00F336C4 /* OpenCore UpdaterTests.xctest */,
				4F55FAAD2951FECF00F336C4 /* OpenCore UpdaterUITests.xctest */,
			);
			name = Products;
			sourceTree = "<group>";
		};
		4F55FA942951FECD00F336C4 /* oc-updater */ = {
			isa = PBXGroup;
			children = (
				4F55FA952951FECD00F336C4 /* oc_updaterApp.swift */,
				4F55FA972951FECD00F336C4 /* ContentView.swift */,
				4FBB2091295713C800C6469E /* Home.swift */,
				4F55FAC02952070400F336C4 /* EFISelector.swift */,
				4F55FA992951FECF00F336C4 /* Assets.xcassets */,
				4F55FA9E2951FECF00F336C4 /* oc_updater.entitlements */,
				4F55FA9B2951FECF00F336C4 /* Preview Content */,
				4F55FAC22952072400F336C4 /* GetESPs.swift */,
				4FDB50392955FDE900F6747C /* DiskView.swift */,
			);
			path = "oc-updater";
			sourceTree = "<group>";
		};
		4F55FA9B2951FECF00F336C4 /* Preview Content */ = {
			isa = PBXGroup;
			children = (
				4F55FA9C2951FECF00F336C4 /* Preview Assets.xcassets */,
			);
			path = "Preview Content";
			sourceTree = "<group>";
		};
		4F55FAA62951FECF00F336C4 /* oc-updaterTests */ = {
			isa = PBXGroup;
			children = (
				4F55FAA72951FECF00F336C4 /* oc_updaterTests.swift */,
			);
			path = "oc-updaterTests";
			sourceTree = "<group>";
		};
		4F55FAB02951FECF00F336C4 /* oc-updaterUITests */ = {
			isa = PBXGroup;
			children = (
				4F55FAB12951FECF00F336C4 /* oc_updaterUITests.swift */,
				4F55FAB32951FECF00F336C4 /* oc_updaterUITestsLaunchTests.swift */,
			);
			path = "oc-updaterUITests";
			sourceTree = "<group>";
		};
/* End PBXGroup section */

/* Begin PBXNativeTarget section */
		4F55FA912951FECD00F336C4 /* OpenCore Updater */ = {
			isa = PBXNativeTarget;
			buildConfigurationList = 4F55FAB72951FECF00F336C4 /* Build configuration list for PBXNativeTarget "OpenCore Updater" */;
			buildPhases = (
				4F55FA8E2951FECD00F336C4 /* Sources */,
				4F55FA8F2951FECD00F336C4 /* Frameworks */,
				4F55FA902951FECD00F336C4 /* Resources */,
			);
			buildRules = (
			);
			dependencies = (
			);
			name = "OpenCore Updater";
			productName = "oc-updater";
			productReference = 4F55FA922951FECD00F336C4 /* OpenCore Updater.app */;
			productType = "com.apple.product-type.application";
		};
		4F55FAA22951FECF00F336C4 /* OpenCore UpdaterTests */ = {
			isa = PBXNativeTarget;
			buildConfigurationList = 4F55FABA2951FECF00F336C4 /* Build configuration list for PBXNativeTarget "OpenCore UpdaterTests" */;
			buildPhases = (
				4F55FA9F2951FECF00F336C4 /* Sources */,
				4F55FAA02951FECF00F336C4 /* Frameworks */,
				4F55FAA12951FECF00F336C4 /* Resources */,
			);
			buildRules = (
			);
			dependencies = (
				4F55FAA52951FECF00F336C4 /* PBXTargetDependency */,
			);
			name = "OpenCore UpdaterTests";
			productName = "oc-updaterTests";
			productReference = 4F55FAA32951FECF00F336C4 /* OpenCore UpdaterTests.xctest */;
			productType = "com.apple.product-type.bundle.unit-test";
		};
		4F55FAAC2951FECF00F336C4 /* OpenCore UpdaterUITests */ = {
			isa = PBXNativeTarget;
			buildConfigurationList = 4F55FABD2951FECF00F336C4 /* Build configuration list for PBXNativeTarget "OpenCore UpdaterUITests" */;
			buildPhases = (
				4F55FAA92951FECF00F336C4 /* Sources */,
				4F55FAAA2951FECF00F336C4 /* Frameworks */,
				4F55FAAB2951FECF00F336C4 /* Resources */,
			);
			buildRules = (
			);
			dependencies = (
				4F55FAAF2951FECF00F336C4 /* PBXTargetDependency */,
			);
			name = "OpenCore UpdaterUITests";
			productName = "oc-updaterUITests";
			productReference = 4F55FAAD2951FECF00F336C4 /* OpenCore UpdaterUITests.xctest */;
			productType = "com.apple.product-type.bundle.ui-testing";
		};
/* End PBXNativeTarget section */

/* Begin PBXProject section */
		4F55FA8A2951FECD00F336C4 /* Project object */ = {
			isa = PBXProject;
			attributes = {
				BuildIndependentTargetsInParallel = 1;
				LastSwiftUpdateCheck = 1420;
				LastUpgradeCheck = 1420;
				TargetAttributes = {
					4F55FA912951FECD00F336C4 = {
						CreatedOnToolsVersion = 14.2;
					};
					4F55FAA22951FECF00F336C4 = {
						CreatedOnToolsVersion = 14.2;
						TestTargetID = 4F55FA912951FECD00F336C4;
					};
					4F55FAAC2951FECF00F336C4 = {
						CreatedOnToolsVersion = 14.2;
						TestTargetID = 4F55FA912951FECD00F336C4;
					};
				};
			};
			buildConfigurationList = 4F55FA8D2951FECD00F336C4 /* Build configuration list for PBXProject "OpenCore Updater" */;
			compatibilityVersion = "Xcode 14.0";
			developmentRegion = en;
			hasScannedForEncodings = 0;
			knownRegions = (
				en,
				Base,
			);
			mainGroup = 4F55FA892951FECD00F336C4;
			productRefGroup = 4F55FA932951FECD00F336C4 /* Products */;
			projectDirPath = "";
			projectRoot = "";
			targets = (
				4F55FA912951FECD00F336C4 /* OpenCore Updater */,
				4F55FAA22951FECF00F336C4 /* OpenCore UpdaterTests */,
				4F55FAAC2951FECF00F336C4 /* OpenCore UpdaterUITests */,
			);
		};
/* End PBXProject section */

/* Begin PBXResourcesBuildPhase section */
		4F55FA902951FECD00F336C4 /* Resources */ = {
			isa = PBXResourcesBuildPhase;
			buildActionMask = 2147483647;
			files = (
				4F55FA9D2951FECF00F336C4 /* Preview Assets.xcassets in Resources */,
				4F55FA9A2951FECF00F336C4 /* Assets.xcassets in Resources */,
			);
			runOnlyForDeploymentPostprocessing = 0;
		};
		4F55FAA12951FECF00F336C4 /* Resources */ = {
			isa = PBXResourcesBuildPhase;
			buildActionMask = 2147483647;
			files = (
			);
			runOnlyForDeploymentPostprocessing = 0;
		};
		4F55FAAB2951FECF00F336C4 /* Resources */ = {
			isa = PBXResourcesBuildPhase;
			buildActionMask = 2147483647;
			files = (
			);
			runOnlyForDeploymentPostprocessing = 0;
		};
/* End PBXResourcesBuildPhase section */

/* Begin PBXSourcesBuildPhase section */
		4F55FA8E2951FECD00F336C4 /* Sources */ = {
			isa = PBXSourcesBuildPhase;
			buildActionMask = 2147483647;
			files = (
				4FDB503A2955FDE900F6747C /* DiskView.swift in Sources */,
				4F55FA982951FECD00F336C4 /* ContentView.swift in Sources */,
				4F55FA962951FECD00F336C4 /* oc_updaterApp.swift in Sources */,
				4F55FAC12952070400F336C4 /* EFISelector.swift in Sources */,
				4FBB2092295713C800C6469E /* Home.swift in Sources */,
				4F55FAC32952072400F336C4 /* GetESPs.swift in Sources */,
			);
			runOnlyForDeploymentPostprocessing = 0;
		};
		4F55FA9F2951FECF00F336C4 /* Sources */ = {
			isa = PBXSourcesBuildPhase;
			buildActionMask = 2147483647;
			files = (
				4F55FAA82951FECF00F336C4 /* oc_updaterTests.swift in Sources */,
			);
			runOnlyForDeploymentPostprocessing = 0;
		};
		4F55FAA92951FECF00F336C4 /* Sources */ = {
			isa = PBXSourcesBuildPhase;
			buildActionMask = 2147483647;
			files = (
				4F55FAB42951FECF00F336C4 /* oc_updaterUITestsLaunchTests.swift in Sources */,
				4F55FAB22951FECF00F336C4 /* oc_updaterUITests.swift in Sources */,
			);
			runOnlyForDeploymentPostprocessing = 0;
		};
/* End PBXSourcesBuildPhase section */

/* Begin PBXTargetDependency section */
		4F55FAA52951FECF00F336C4 /* PBXTargetDependency */ = {
			isa = PBXTargetDependency;
			target = 4F55FA912951FECD00F336C4 /* OpenCore Updater */;
			targetProxy = 4F55FAA42951FECF00F336C4 /* PBXContainerItemProxy */;
		};
		4F55FAAF2951FECF00F336C4 /* PBXTargetDependency */ = {
			isa = PBXTargetDependency;
			target = 4F55FA912951FECD00F336C4 /* OpenCore Updater */;
			targetProxy = 4F55FAAE2951FECF00F336C4 /* PBXContainerItemProxy */;
		};
/* End PBXTargetDependency section */

/* Begin XCBuildConfiguration section */
		4F55FAB52951FECF00F336C4 /* Debug */ = {
			isa = XCBuildConfiguration;
			buildSettings = {
				ALWAYS_SEARCH_USER_PATHS = NO;
				CLANG_ANALYZER_NONNULL = YES;
				CLANG_ANALYZER_NUMBER_OBJECT_CONVERSION = YES_AGGRESSIVE;
				CLANG_CXX_LANGUAGE_STANDARD = "gnu++20";
				CLANG_ENABLE_MODULES = YES;
				CLANG_ENABLE_OBJC_ARC = YES;
				CLANG_ENABLE_OBJC_WEAK = YES;
				CLANG_WARN_BLOCK_CAPTURE_AUTORELEASING = YES;
				CLANG_WARN_BOOL_CONVERSION = YES;
				CLANG_WARN_COMMA = YES;
				CLANG_WARN_CONSTANT_CONVERSION = YES;
				CLANG_WARN_DEPRECATED_OBJC_IMPLEMENTATIONS = YES;
				CLANG_WARN_DIRECT_OBJC_ISA_USAGE = YES_ERROR;
				CLANG_WARN_DOCUMENTATION_COMMENTS = YES;
				CLANG_WARN_EMPTY_BODY = YES;
				CLANG_WARN_ENUM_CONVERSION = YES;
				CLANG_WARN_INFINITE_RECURSION = YES;
				CLANG_WARN_INT_CONVERSION = YES;
				CLANG_WARN_NON_LITERAL_NULL_CONVERSION = YES;
				CLANG_WARN_OBJC_IMPLICIT_RETAIN_SELF = YES;
				CLANG_WARN_OBJC_LITERAL_CONVERSION = YES;
				CLANG_WARN_OBJC_ROOT_CLASS = YES_ERROR;
				CLANG_WARN_QUOTED_INCLUDE_IN_FRAMEWORK_HEADER = YES;
				CLANG_WARN_RANGE_LOOP_ANALYSIS = YES;
				CLANG_WARN_STRICT_PROTOTYPES = YES;
				CLANG_WARN_SUSPICIOUS_MOVE = YES;
				CLANG_WARN_UNGUARDED_AVAILABILITY = YES_AGGRESSIVE;
				CLANG_WARN_UNREACHABLE_CODE = YES;
				CLANG_WARN__DUPLICATE_METHOD_MATCH = YES;
				COPY_PHASE_STRIP = NO;
				DEBUG_INFORMATION_FORMAT = dwarf;
				ENABLE_STRICT_OBJC_MSGSEND = YES;
				ENABLE_TESTABILITY = YES;
				GCC_C_LANGUAGE_STANDARD = gnu11;
				GCC_DYNAMIC_NO_PIC = NO;
				GCC_NO_COMMON_BLOCKS = YES;
				GCC_OPTIMIZATION_LEVEL = 0;
				GCC_PREPROCESSOR_DEFINITIONS = (
					"DEBUG=1",
					"$(inherited)",
				);
				GCC_WARN_64_TO_32_BIT_CONVERSION = YES;
				GCC_WARN_ABOUT_RETURN_TYPE = YES_ERROR;
				GCC_WARN_UNDECLARED_SELECTOR = YES;
				GCC_WARN_UNINITIALIZED_AUTOS = YES_AGGRESSIVE;
				GCC_WARN_UNUSED_FUNCTION = YES;
				GCC_WARN_UNUSED_VARIABLE = YES;
				MACOSX_DEPLOYMENT_TARGET = 13.1;
				MTL_ENABLE_DEBUG_INFO = INCLUDE_SOURCE;
				MTL_FAST_MATH = YES;
				ONLY_ACTIVE_ARCH = YES;
				SDKROOT = macosx;
				SWIFT_ACTIVE_COMPILATION_CONDITIONS = DEBUG;
				SWIFT_OPTIMIZATION_LEVEL = "-Onone";
			};
			name = Debug;
		};
		4F55FAB62951FECF00F336C4 /* Release */ = {
			isa = XCBuildConfiguration;
			buildSettings = {
				ALWAYS_SEARCH_USER_PATHS = NO;
				CLANG_ANALYZER_NONNULL = YES;
				CLANG_ANALYZER_NUMBER_OBJECT_CONVERSION = YES_AGGRESSIVE;
				CLANG_CXX_LANGUAGE_STANDARD = "gnu++20";
				CLANG_ENABLE_MODULES = YES;
				CLANG_ENABLE_OBJC_ARC = YES;
				CLANG_ENABLE_OBJC_WEAK = YES;
				CLANG_WARN_BLOCK_CAPTURE_AUTORELEASING = YES;
				CLANG_WARN_BOOL_CONVERSION = YES;
				CLANG_WARN_COMMA = YES;
				CLANG_WARN_CONSTANT_CONVERSION = YES;
				CLANG_WARN_DEPRECATED_OBJC_IMPLEMENTATIONS = YES;
				CLANG_WARN_DIRECT_OBJC_ISA_USAGE = YES_ERROR;
				CLANG_WARN_DOCUMENTATION_COMMENTS = YES;
				CLANG_WARN_EMPTY_BODY = YES;
				CLANG_WARN_ENUM_CONVERSION = YES;
				CLANG_WARN_INFINITE_RECURSION = YES;
				CLANG_WARN_INT_CONVERSION = YES;
				CLANG_WARN_NON_LITERAL_NULL_CONVERSION = YES;
				CLANG_WARN_OBJC_IMPLICIT_RETAIN_SELF = YES;
				CLANG_WARN_OBJC_LITERAL_CONVERSION = YES;
				CLANG_WARN_OBJC_ROOT_CLASS = YES_ERROR;
				CLANG_WARN_QUOTED_INCLUDE_IN_FRAMEWORK_HEADER = YES;
				CLANG_WARN_RANGE_LOOP_ANALYSIS = YES;
				CLANG_WARN_STRICT_PROTOTYPES = YES;
				CLANG_WARN_SUSPICIOUS_MOVE = YES;
				CLANG_WARN_UNGUARDED_AVAILABILITY = YES_AGGRESSIVE;
				CLANG_WARN_UNREACHABLE_CODE = YES;
				CLANG_WARN__DUPLICATE_METHOD_MATCH = YES;
				COPY_PHASE_STRIP = NO;
				DEBUG_INFORMATION_FORMAT = "dwarf-with-dsym";
				ENABLE_NS_ASSERTIONS = NO;
				ENABLE_STRICT_OBJC_MSGSEND = YES;
				GCC_C_LANGUAGE_STANDARD = gnu11;
				GCC_NO_COMMON_BLOCKS = YES;
				GCC_WARN_64_TO_32_BIT_CONVERSION = YES;
				GCC_WARN_ABOUT_RETURN_TYPE = YES_ERROR;
				GCC_WARN_UNDECLARED_SELECTOR = YES;
				GCC_WARN_UNINITIALIZED_AUTOS = YES_AGGRESSIVE;
				GCC_WARN_UNUSED_FUNCTION = YES;
				GCC_WARN_UNUSED_VARIABLE = YES;
				MACOSX_DEPLOYMENT_TARGET = 13.1;
				MTL_ENABLE_DEBUG_INFO = NO;
				MTL_FAST_MATH = YES;
				SDKROOT = macosx;
				SWIFT_COMPILATION_MODE = wholemodule;
				SWIFT_OPTIMIZATION_LEVEL = "-O";
			};
			name = Release;
		};
		4F55FAB82951FECF00F336C4 /* Debug */ = {
			isa = XCBuildConfiguration;
			buildSettings = {
				ASSETCATALOG_COMPILER_APPICON_NAME = AppIcon;
				ASSETCATALOG_COMPILER_GLOBAL_ACCENT_COLOR_NAME = AccentColor;
				CODE_SIGN_ENTITLEMENTS = "oc-updater/oc_updater.entitlements";
				"CODE_SIGN_IDENTITY[sdk=macosx*]" = "Apple Development";
				CODE_SIGN_STYLE = Automatic;
				COMBINE_HIDPI_IMAGES = YES;
				CURRENT_PROJECT_VERSION = 1;
				DEVELOPMENT_ASSET_PATHS = "\"oc-updater/Preview Content\"";
				DEVELOPMENT_TEAM = S79W7KJ3NJ;
				ENABLE_HARDENED_RUNTIME = YES;
				ENABLE_PREVIEWS = YES;
				GENERATE_INFOPLIST_FILE = YES;
				INFOPLIST_KEY_CFBundleDisplayName = "OpenCore Updater";
				INFOPLIST_KEY_LSApplicationCategoryType = "public.app-category.utilities";
				INFOPLIST_KEY_NSHumanReadableCopyright = "";
				LD_RUNPATH_SEARCH_PATHS = (
					"$(inherited)",
					"@executable_path/../Frameworks",
				);
				MACOSX_DEPLOYMENT_TARGET = 11.0;
				MARKETING_VERSION = 1.0;
				PRODUCT_BUNDLE_IDENTIFIER = "com.mswgen.oc-updater";
				PRODUCT_NAME = "$(TARGET_NAME)";
				SWIFT_EMIT_LOC_STRINGS = YES;
				SWIFT_VERSION = 5.0;
			};
			name = Debug;
		};
		4F55FAB92951FECF00F336C4 /* Release */ = {
			isa = XCBuildConfiguration;
			buildSettings = {
				ASSETCATALOG_COMPILER_APPICON_NAME = AppIcon;
				ASSETCATALOG_COMPILER_GLOBAL_ACCENT_COLOR_NAME = AccentColor;
				CODE_SIGN_ENTITLEMENTS = "oc-updater/oc_updater.entitlements";
				"CODE_SIGN_IDENTITY[sdk=macosx*]" = "Apple Development";
				CODE_SIGN_STYLE = Automatic;
				COMBINE_HIDPI_IMAGES = YES;
				CURRENT_PROJECT_VERSION = 1;
				DEVELOPMENT_ASSET_PATHS = "\"oc-updater/Preview Content\"";
				DEVELOPMENT_TEAM = S79W7KJ3NJ;
				ENABLE_HARDENED_RUNTIME = YES;
				ENABLE_PREVIEWS = YES;
				GENERATE_INFOPLIST_FILE = YES;
				INFOPLIST_KEY_CFBundleDisplayName = "OpenCore Updater";
				INFOPLIST_KEY_LSApplicationCategoryType = "public.app-category.utilities";
				INFOPLIST_KEY_NSHumanReadableCopyright = "";
				LD_RUNPATH_SEARCH_PATHS = (
					"$(inherited)",
					"@executable_path/../Frameworks",
				);
				MACOSX_DEPLOYMENT_TARGET = 11.0;
				MARKETING_VERSION = 1.0;
				PRODUCT_BUNDLE_IDENTIFIER = "com.mswgen.oc-updater";
				PRODUCT_NAME = "$(TARGET_NAME)";
				SWIFT_EMIT_LOC_STRINGS = YES;
				SWIFT_VERSION = 5.0;
			};
			name = Release;
		};
		4F55FABB2951FECF00F336C4 /* Debug */ = {
			isa = XCBuildConfiguration;
			buildSettings = {
				ALWAYS_EMBED_SWIFT_STANDARD_LIBRARIES = YES;
				BUNDLE_LOADER = "$(TEST_HOST)";
				CODE_SIGN_STYLE = Automatic;
				CURRENT_PROJECT_VERSION = 1;
				DEVELOPMENT_TEAM = S79W7KJ3NJ;
				GENERATE_INFOPLIST_FILE = YES;
				MACOSX_DEPLOYMENT_TARGET = 13.1;
				MARKETING_VERSION = 1.0;
				PRODUCT_BUNDLE_IDENTIFIER = "com.mswgen.oc-updaterTests";
				PRODUCT_NAME = "$(TARGET_NAME)";
				SWIFT_EMIT_LOC_STRINGS = NO;
				SWIFT_VERSION = 5.0;
				TEST_HOST = "$(BUILT_PRODUCTS_DIR)/OpenCore Updater.app/$(BUNDLE_EXECUTABLE_FOLDER_PATH)/OpenCore Updater";
			};
			name = Debug;
		};
		4F55FABC2951FECF00F336C4 /* Release */ = {
			isa = XCBuildConfiguration;
			buildSettings = {
				ALWAYS_EMBED_SWIFT_STANDARD_LIBRARIES = YES;
				BUNDLE_LOADER = "$(TEST_HOST)";
				CODE_SIGN_STYLE = Automatic;
				CURRENT_PROJECT_VERSION = 1;
				DEVELOPMENT_TEAM = S79W7KJ3NJ;
				GENERATE_INFOPLIST_FILE = YES;
				MACOSX_DEPLOYMENT_TARGET = 13.1;
				MARKETING_VERSION = 1.0;
				PRODUCT_BUNDLE_IDENTIFIER = "com.mswgen.oc-updaterTests";
				PRODUCT_NAME = "$(TARGET_NAME)";
				SWIFT_EMIT_LOC_STRINGS = NO;
				SWIFT_VERSION = 5.0;
				TEST_HOST = "$(BUILT_PRODUCTS_DIR)/OpenCore Updater.app/$(BUNDLE_EXECUTABLE_FOLDER_PATH)/OpenCore Updater";
			};
			name = Release;
		};
		4F55FABE2951FECF00F336C4 /* Debug */ = {
			isa = XCBuildConfiguration;
			buildSettings = {
				ALWAYS_EMBED_SWIFT_STANDARD_LIBRARIES = YES;
				CODE_SIGN_STYLE = Automatic;
				CURRENT_PROJECT_VERSION = 1;
				DEVELOPMENT_TEAM = S79W7KJ3NJ;
				GENERATE_INFOPLIST_FILE = YES;
				MARKETING_VERSION = 1.0;
				PRODUCT_BUNDLE_IDENTIFIER = "com.mswgen.oc-updaterUITests";
				PRODUCT_NAME = "$(TARGET_NAME)";
				SWIFT_EMIT_LOC_STRINGS = NO;
				SWIFT_VERSION = 5.0;
				TEST_TARGET_NAME = "oc-updater";
			};
			name = Debug;
		};
		4F55FABF2951FECF00F336C4 /* Release */ = {
			isa = XCBuildConfiguration;
			buildSettings = {
				ALWAYS_EMBED_SWIFT_STANDARD_LIBRARIES = YES;
				CODE_SIGN_STYLE = Automatic;
				CURRENT_PROJECT_VERSION = 1;
				DEVELOPMENT_TEAM = S79W7KJ3NJ;
				GENERATE_INFOPLIST_FILE = YES;
				MARKETING_VERSION = 1.0;
				PRODUCT_BUNDLE_IDENTIFIER = "com.mswgen.oc-updaterUITests";
				PRODUCT_NAME = "$(TARGET_NAME)";
				SWIFT_EMIT_LOC_STRINGS = NO;
				SWIFT_VERSION = 5.0;
				TEST_TARGET_NAME = "oc-updater";
			};
			name = Release;
		};
/* End XCBuildConfiguration section */

/* Begin XCConfigurationList section */
		4F55FA8D2951FECD00F336C4 /* Build configuration list for PBXProject "OpenCore Updater" */ = {
			isa = XCConfigurationList;
			buildConfigurations = (
				4F55FAB52951FECF00F336C4 /* Debug */,
				4F55FAB62951FECF00F336C4 /* Release */,
			);
			defaultConfigurationIsVisible = 0;
			defaultConfigurationName = Release;
		};
		4F55FAB72951FECF00F336C4 /* Build configuration list for PBXNativeTarget "OpenCore Updater" */ = {
			isa = XCConfigurationList;
			buildConfigurations = (
				4F55FAB82951FECF00F336C4 /* Debug */,
				4F55FAB92951FECF00F336C4 /* Release */,
			);
			defaultConfigurationIsVisible = 0;
			defaultConfigurationName = Release;
		};
		4F55FABA2951FECF00F336C4 /* Build configuration list for PBXNativeTarget "OpenCore UpdaterTests" */ = {
			isa = XCConfigurationList;
			buildConfigurations = (
				4F55FABB2951FECF00F336C4 /* Debug */,
				4F55FABC2951FECF00F336C4 /* Release */,
			);
			defaultConfigurationIsVisible = 0;
			defaultConfigurationName = Release;
		};
		4F55FABD2951FECF00F336C4 /* Build configuration list for PBXNativeTarget "OpenCore UpdaterUITests" */ = {
			isa = XCConfigurationList;
			buildConfigurations = (
				4F55FABE2951FECF00F336C4 /* Debug */,
				4F55FABF2951FECF00F336C4 /* Release */,
			);
			defaultConfigurationIsVisible = 0;
			defaultConfigurationName = Release;
		};
/* End XCConfigurationList section */
	};
	rootObject = 4F55FA8A2951FECD00F336C4 /* Project object */;
}
